
Microsoft Visual Studio Solution File, Format Version 12.00
# Visual Studio Version 17
VisualStudioVersion = 17.3.32922.545
MinimumVisualStudioVersion = 10.0.40219.1
Project("{FAE04EC0-301F-11D3-BF4B-00C04F79EFBC}") = "Task", "Task\Task.csproj", "{8F7D1A93-C972-4D43-A6DC-025C70C79D00}"
EndProject
Global
	GlobalSection(SolutionConfigurationPlatforms) = preSolution
		Debug|Any CPU = Debug|Any CPU
		Release|Any CPU = Release|Any CPU
	EndGlobalSection
	GlobalSection(ProjectConfigurationPlatforms) = postSolution
		{8F7D1A93-C972-4D43-A6DC-025C70C79D00}.Debug|Any CPU.ActiveCfg = Debug|Any CPU
		{8F7D1A93-C972-4D43-A6DC-025C70C79D00}.Debug|Any CPU.Build.0 = Debug|Any CPU
		{8F7D1A93-C972-4D43-A6DC-025C70C79D00}.Release|Any CPU.ActiveCfg = Release|Any CPU
		{8F7D1A93-C972-4D43-A6DC-025C70C79D00}.Release|Any CPU.Build.0 = Release|Any CPU
	EndGlobalSection
	GlobalSection(SolutionProperties) = preSolution
		HideSolutionNode = FALSE
	EndGlobalSection
	GlobalSection(ExtensibilityGlobals) = postSolution
		SolutionGuid = {E98AE96E-C67A-44D9-AE93-0BDC120B39FF}
	EndGlobalSection
EndGlobal
